// !$*UTF8*$!
{
	archiveVersion = 1;
	classes = {
	};
	objectVersion = 48;
	objects = {

/* Begin PBXBuildFile section */
		6824FE411FB6A42100073271 /* SVBriefWaveformCell.swift in Sources */ = {isa = PBXBuildFile; fileRef = 6824FE401FB6A42100073271 /* SVBriefWaveformCell.swift */; };
		6824FE431FB6B21000073271 /* SVFullWaveformItemCell.swift in Sources */ = {isa = PBXBuildFile; fileRef = 6824FE421FB6B21000073271 /* SVFullWaveformItemCell.swift */; };
		6846010A1FB3286E004F8DF8 /* 4_tracks_audio.mov in Resources */ = {isa = PBXBuildFile; fileRef = 684601091FB3286E004F8DF8 /* 4_tracks_audio.mov */; };
		6846011C1FB4676E004F8DF8 /* SVMainViewController.swift in Sources */ = {isa = PBXBuildFile; fileRef = 6846011B1FB4676E004F8DF8 /* SVMainViewController.swift */; };
		685FFB7B1FB8204300B3E395 /* 4_tracks_audio.mov in Resources */ = {isa = PBXBuildFile; fileRef = 685FFB7A1FB8204000B3E395 /* 4_tracks_audio.mov */; };
		68CECE811FB1AC9E00C4942A /* AppDelegate.swift in Sources */ = {isa = PBXBuildFile; fileRef = 68CECE801FB1AC9E00C4942A /* AppDelegate.swift */; };
		68CECE861FB1AC9E00C4942A /* Main.storyboard in Resources */ = {isa = PBXBuildFile; fileRef = 68CECE841FB1AC9E00C4942A /* Main.storyboard */; };
		68CECE881FB1AC9E00C4942A /* Assets.xcassets in Resources */ = {isa = PBXBuildFile; fileRef = 68CECE871FB1AC9E00C4942A /* Assets.xcassets */; };
		68CECE8B1FB1AC9E00C4942A /* LaunchScreen.storyboard in Resources */ = {isa = PBXBuildFile; fileRef = 68CECE891FB1AC9E00C4942A /* LaunchScreen.storyboard */; };
		68CECEA11FB1AC9E00C4942A /* SoundWaveViewerUITests.swift in Sources */ = {isa = PBXBuildFile; fileRef = 68CECEA01FB1AC9E00C4942A /* SoundWaveViewerUITests.swift */; };
		DA13B0681FB3C85F006C5207 /* 1.m4a in Resources */ = {isa = PBXBuildFile; fileRef = 684601011FB3280F004F8DF8 /* 1.m4a */; };
		DA13B0691FB3C864006C5207 /* 2.m4a in Resources */ = {isa = PBXBuildFile; fileRef = 684601021FB32813004F8DF8 /* 2.m4a */; };
		DA13B06A1FB3C864006C5207 /* 3.m4a in Resources */ = {isa = PBXBuildFile; fileRef = 684601031FB32818004F8DF8 /* 3.m4a */; };
		DA13B06B1FB3C864006C5207 /* 4.m4a in Resources */ = {isa = PBXBuildFile; fileRef = 684601041FB3281D004F8DF8 /* 4.m4a */; };
		DA13B06D1FB3CAAA006C5207 /* video.MOV in Resources */ = {isa = PBXBuildFile; fileRef = DA13B06C1FB3CAAA006C5207 /* video.MOV */; };
		DA13B06F1FB3CDC5006C5207 /* video_only.mov in Resources */ = {isa = PBXBuildFile; fileRef = DA13B06E1FB3CDC5006C5207 /* video_only.mov */; };
		DA13B0711FB3D04B006C5207 /* SVTrack.swift in Sources */ = {isa = PBXBuildFile; fileRef = DA13B0701FB3D04B006C5207 /* SVTrack.swift */; };
		DAC74DEA1FB26ACD007CAD88 /* SVWaveFormViewController.swift in Sources */ = {isa = PBXBuildFile; fileRef = DAC74DE91FB26ACD007CAD88 /* SVWaveFormViewController.swift */; };
		DAC74DF11FB27B1A007CAD88 /* SVSoundLoaderTests.swift in Sources */ = {isa = PBXBuildFile; fileRef = DAC74DF01FB27B1A007CAD88 /* SVSoundLoaderTests.swift */; };
		DAEF25A21FB908400001618D /* SVTrackTests.swift in Sources */ = {isa = PBXBuildFile; fileRef = DAEF25A11FB908400001618D /* SVTrackTests.swift */; };
		DAEF25A41FB9088F0001618D /* SVTrackLoader.swift in Sources */ = {isa = PBXBuildFile; fileRef = DAEF25A31FB9088F0001618D /* SVTrackLoader.swift */; };
/* End PBXBuildFile section */

/* Begin PBXContainerItemProxy section */
		68CECE921FB1AC9E00C4942A /* PBXContainerItemProxy */ = {
			isa = PBXContainerItemProxy;
			containerPortal = 68CECE751FB1AC9E00C4942A /* Project object */;
			proxyType = 1;
			remoteGlobalIDString = 68CECE7C1FB1AC9E00C4942A;
			remoteInfo = SoundWaveViewer;
		};
		68CECE9D1FB1AC9E00C4942A /* PBXContainerItemProxy */ = {
			isa = PBXContainerItemProxy;
			containerPortal = 68CECE751FB1AC9E00C4942A /* Project object */;
			proxyType = 1;
			remoteGlobalIDString = 68CECE7C1FB1AC9E00C4942A;
			remoteInfo = SoundWaveViewer;
		};
/* End PBXContainerItemProxy section */

/* Begin PBXFileReference section */
		6824FE401FB6A42100073271 /* SVBriefWaveformCell.swift */ = {isa = PBXFileReference; lastKnownFileType = sourcecode.swift; path = SVBriefWaveformCell.swift; sourceTree = "<group>"; };
		6824FE421FB6B21000073271 /* SVFullWaveformItemCell.swift */ = {isa = PBXFileReference; lastKnownFileType = sourcecode.swift; path = SVFullWaveformItemCell.swift; sourceTree = "<group>"; };
		684601011FB3280F004F8DF8 /* 1.m4a */ = {isa = PBXFileReference; lastKnownFileType = file; path = 1.m4a; sourceTree = "<group>"; };
		684601021FB32813004F8DF8 /* 2.m4a */ = {isa = PBXFileReference; lastKnownFileType = file; path = 2.m4a; sourceTree = "<group>"; };
		684601031FB32818004F8DF8 /* 3.m4a */ = {isa = PBXFileReference; lastKnownFileType = file; path = 3.m4a; sourceTree = "<group>"; };
		684601041FB3281D004F8DF8 /* 4.m4a */ = {isa = PBXFileReference; lastKnownFileType = file; path = 4.m4a; sourceTree = "<group>"; };
		684601091FB3286E004F8DF8 /* 4_tracks_audio.mov */ = {isa = PBXFileReference; lastKnownFileType = video.quicktime; path = 4_tracks_audio.mov; sourceTree = "<group>"; };
		6846011B1FB4676E004F8DF8 /* SVMainViewController.swift */ = {isa = PBXFileReference; fileEncoding = 4; lastKnownFileType = sourcecode.swift; path = SVMainViewController.swift; sourceTree = "<group>"; };
		685FFB7A1FB8204000B3E395 /* 4_tracks_audio.mov */ = {isa = PBXFileReference; lastKnownFileType = video.quicktime; path = 4_tracks_audio.mov; sourceTree = "<group>"; };
		68CECE7D1FB1AC9E00C4942A /* SoundWaveViewer.app */ = {isa = PBXFileReference; explicitFileType = wrapper.application; includeInIndex = 0; path = SoundWaveViewer.app; sourceTree = BUILT_PRODUCTS_DIR; };
		68CECE801FB1AC9E00C4942A /* AppDelegate.swift */ = {isa = PBXFileReference; lastKnownFileType = sourcecode.swift; path = AppDelegate.swift; sourceTree = "<group>"; };
		68CECE851FB1AC9E00C4942A /* Base */ = {isa = PBXFileReference; lastKnownFileType = file.storyboard; name = Base; path = Base.lproj/Main.storyboard; sourceTree = "<group>"; };
		68CECE871FB1AC9E00C4942A /* Assets.xcassets */ = {isa = PBXFileReference; lastKnownFileType = folder.assetcatalog; path = Assets.xcassets; sourceTree = "<group>"; };
		68CECE8A1FB1AC9E00C4942A /* Base */ = {isa = PBXFileReference; lastKnownFileType = file.storyboard; name = Base; path = Base.lproj/LaunchScreen.storyboard; sourceTree = "<group>"; };
		68CECE8C1FB1AC9E00C4942A /* Info.plist */ = {isa = PBXFileReference; lastKnownFileType = text.plist.xml; path = Info.plist; sourceTree = "<group>"; };
		68CECE911FB1AC9E00C4942A /* SoundWaveViewerTests.xctest */ = {isa = PBXFileReference; explicitFileType = wrapper.cfbundle; includeInIndex = 0; path = SoundWaveViewerTests.xctest; sourceTree = BUILT_PRODUCTS_DIR; };
		68CECE971FB1AC9E00C4942A /* Info.plist */ = {isa = PBXFileReference; lastKnownFileType = text.plist.xml; path = Info.plist; sourceTree = "<group>"; };
		68CECE9C1FB1AC9E00C4942A /* SoundWaveViewerUITests.xctest */ = {isa = PBXFileReference; explicitFileType = wrapper.cfbundle; includeInIndex = 0; path = SoundWaveViewerUITests.xctest; sourceTree = BUILT_PRODUCTS_DIR; };
		68CECEA01FB1AC9E00C4942A /* SoundWaveViewerUITests.swift */ = {isa = PBXFileReference; lastKnownFileType = sourcecode.swift; path = SoundWaveViewerUITests.swift; sourceTree = "<group>"; };
		68CECEA21FB1AC9E00C4942A /* Info.plist */ = {isa = PBXFileReference; lastKnownFileType = text.plist.xml; path = Info.plist; sourceTree = "<group>"; };
		DA13B06C1FB3CAAA006C5207 /* video.MOV */ = {isa = PBXFileReference; lastKnownFileType = video.quicktime; path = video.MOV; sourceTree = "<group>"; };
		DA13B06E1FB3CDC5006C5207 /* video_only.mov */ = {isa = PBXFileReference; lastKnownFileType = video.quicktime; path = video_only.mov; sourceTree = "<group>"; };
		DA13B0701FB3D04B006C5207 /* SVTrack.swift */ = {isa = PBXFileReference; lastKnownFileType = sourcecode.swift; name = SVTrack.swift; path = WaveFormBuilder/SVTrack.swift; sourceTree = "<group>"; };
		DAC74DE91FB26ACD007CAD88 /* SVWaveFormViewController.swift */ = {isa = PBXFileReference; lastKnownFileType = sourcecode.swift; path = SVWaveFormViewController.swift; sourceTree = "<group>"; };
		DAC74DF01FB27B1A007CAD88 /* SVSoundLoaderTests.swift */ = {isa = PBXFileReference; lastKnownFileType = sourcecode.swift; path = SVSoundLoaderTests.swift; sourceTree = "<group>"; };
		DAEF25A11FB908400001618D /* SVTrackTests.swift */ = {isa = PBXFileReference; fileEncoding = 4; lastKnownFileType = sourcecode.swift; path = SVTrackTests.swift; sourceTree = "<group>"; };
		DAEF25A31FB9088F0001618D /* SVTrackLoader.swift */ = {isa = PBXFileReference; fileEncoding = 4; lastKnownFileType = sourcecode.swift; name = SVTrackLoader.swift; path = SoundLoader/SVTrackLoader.swift; sourceTree = "<group>"; };
/* End PBXFileReference section */

/* Begin PBXFrameworksBuildPhase section */
		68CECE7A1FB1AC9E00C4942A /* Frameworks */ = {
			isa = PBXFrameworksBuildPhase;
			buildActionMask = 2147483647;
			files = (
			);
			runOnlyForDeploymentPostprocessing = 0;
		};
		68CECE8E1FB1AC9E00C4942A /* Frameworks */ = {
			isa = PBXFrameworksBuildPhase;
			buildActionMask = 2147483647;
			files = (
			);
			runOnlyForDeploymentPostprocessing = 0;
		};
		68CECE991FB1AC9E00C4942A /* Frameworks */ = {
			isa = PBXFrameworksBuildPhase;
			buildActionMask = 2147483647;
			files = (
			);
			runOnlyForDeploymentPostprocessing = 0;
		};
/* End PBXFrameworksBuildPhase section */

/* Begin PBXGroup section */
		6846011A1FB4676E004F8DF8 /* MainView */ = {
			isa = PBXGroup;
			children = (
				6846011B1FB4676E004F8DF8 /* SVMainViewController.swift */,
			);
			path = MainView;
			sourceTree = "<group>";
		};
		68CECE741FB1AC9E00C4942A = {
			isa = PBXGroup;
			children = (
				68CECE7F1FB1AC9E00C4942A /* SoundWaveViewer */,
				68CECE941FB1AC9E00C4942A /* SoundWaveViewerTests */,
				68CECE9F1FB1AC9E00C4942A /* SoundWaveViewerUITests */,
				68CECE7E1FB1AC9E00C4942A /* Products */,
			);
			sourceTree = "<group>";
		};
		68CECE7E1FB1AC9E00C4942A /* Products */ = {
			isa = PBXGroup;
			children = (
				68CECE7D1FB1AC9E00C4942A /* SoundWaveViewer.app */,
				68CECE911FB1AC9E00C4942A /* SoundWaveViewerTests.xctest */,
				68CECE9C1FB1AC9E00C4942A /* SoundWaveViewerUITests.xctest */,
			);
			name = Products;
			sourceTree = "<group>";
		};
		68CECE7F1FB1AC9E00C4942A /* SoundWaveViewer */ = {
			isa = PBXGroup;
			children = (
				DAC74DED1FB27A70007CAD88 /* Submodules */,
				68CECEAE1FB1BB5E00C4942A /* View */,
				68CECE801FB1AC9E00C4942A /* AppDelegate.swift */,
				68CECE841FB1AC9E00C4942A /* Main.storyboard */,
				68CECE871FB1AC9E00C4942A /* Assets.xcassets */,
				68CECE891FB1AC9E00C4942A /* LaunchScreen.storyboard */,
				68CECE8C1FB1AC9E00C4942A /* Info.plist */,
				DA13B06C1FB3CAAA006C5207 /* video.MOV */,
				685FFB7A1FB8204000B3E395 /* 4_tracks_audio.mov */,
			);
			path = SoundWaveViewer;
			sourceTree = "<group>";
		};
		68CECE941FB1AC9E00C4942A /* SoundWaveViewerTests */ = {
			isa = PBXGroup;
			children = (
				68CECE971FB1AC9E00C4942A /* Info.plist */,
				DAEF25A11FB908400001618D /* SVTrackTests.swift */,
				DAC74DF01FB27B1A007CAD88 /* SVSoundLoaderTests.swift */,
				684601091FB3286E004F8DF8 /* 4_tracks_audio.mov */,
				684601011FB3280F004F8DF8 /* 1.m4a */,
				684601021FB32813004F8DF8 /* 2.m4a */,
				684601031FB32818004F8DF8 /* 3.m4a */,
				684601041FB3281D004F8DF8 /* 4.m4a */,
				DA13B06E1FB3CDC5006C5207 /* video_only.mov */,
			);
			path = SoundWaveViewerTests;
			sourceTree = "<group>";
		};
		68CECE9F1FB1AC9E00C4942A /* SoundWaveViewerUITests */ = {
			isa = PBXGroup;
			children = (
				68CECEA01FB1AC9E00C4942A /* SoundWaveViewerUITests.swift */,
				68CECEA21FB1AC9E00C4942A /* Info.plist */,
			);
			path = SoundWaveViewerUITests;
			sourceTree = "<group>";
		};
		68CECEAE1FB1BB5E00C4942A /* View */ = {
			isa = PBXGroup;
			children = (
				6846011A1FB4676E004F8DF8 /* MainView */,
				DAC74DEC1FB279E1007CAD88 /* WaveFormView */,
			);
			path = View;
			sourceTree = "<group>";
		};
		DAC74DEC1FB279E1007CAD88 /* WaveFormView */ = {
			isa = PBXGroup;
			children = (
				DAC74DE91FB26ACD007CAD88 /* SVWaveFormViewController.swift */,
				6824FE401FB6A42100073271 /* SVBriefWaveformCell.swift */,
				6824FE421FB6B21000073271 /* SVFullWaveformItemCell.swift */,
			);
			path = WaveFormView;
			sourceTree = "<group>";
		};
		DAC74DED1FB27A70007CAD88 /* Submodules */ = {
			isa = PBXGroup;
			children = (
				DAEF25A31FB9088F0001618D /* SVTrackLoader.swift */,
				DA13B0701FB3D04B006C5207 /* SVTrack.swift */,
			);
			path = Submodules;
			sourceTree = "<group>";
		};
/* End PBXGroup section */

/* Begin PBXNativeTarget section */
		68CECE7C1FB1AC9E00C4942A /* SoundWaveViewer */ = {
			isa = PBXNativeTarget;
			buildConfigurationList = 68CECEA51FB1AC9E00C4942A /* Build configuration list for PBXNativeTarget "SoundWaveViewer" */;
			buildPhases = (
				68CECE791FB1AC9E00C4942A /* Sources */,
				68CECE7A1FB1AC9E00C4942A /* Frameworks */,
				68CECE7B1FB1AC9E00C4942A /* Resources */,
			);
			buildRules = (
			);
			dependencies = (
			);
			name = SoundWaveViewer;
			productName = SoundWaveViewer;
			productReference = 68CECE7D1FB1AC9E00C4942A /* SoundWaveViewer.app */;
			productType = "com.apple.product-type.application";
		};
		68CECE901FB1AC9E00C4942A /* SoundWaveViewerTests */ = {
			isa = PBXNativeTarget;
			buildConfigurationList = 68CECEA81FB1AC9E00C4942A /* Build configuration list for PBXNativeTarget "SoundWaveViewerTests" */;
			buildPhases = (
				68CECE8D1FB1AC9E00C4942A /* Sources */,
				68CECE8E1FB1AC9E00C4942A /* Frameworks */,
				68CECE8F1FB1AC9E00C4942A /* Resources */,
			);
			buildRules = (
			);
			dependencies = (
				68CECE931FB1AC9E00C4942A /* PBXTargetDependency */,
			);
			name = SoundWaveViewerTests;
			productName = SoundWaveViewerTests;
			productReference = 68CECE911FB1AC9E00C4942A /* SoundWaveViewerTests.xctest */;
			productType = "com.apple.product-type.bundle.unit-test";
		};
		68CECE9B1FB1AC9E00C4942A /* SoundWaveViewerUITests */ = {
			isa = PBXNativeTarget;
			buildConfigurationList = 68CECEAB1FB1AC9E00C4942A /* Build configuration list for PBXNativeTarget "SoundWaveViewerUITests" */;
			buildPhases = (
				68CECE981FB1AC9E00C4942A /* Sources */,
				68CECE991FB1AC9E00C4942A /* Frameworks */,
				68CECE9A1FB1AC9E00C4942A /* Resources */,
			);
			buildRules = (
			);
			dependencies = (
				68CECE9E1FB1AC9E00C4942A /* PBXTargetDependency */,
			);
			name = SoundWaveViewerUITests;
			productName = SoundWaveViewerUITests;
			productReference = 68CECE9C1FB1AC9E00C4942A /* SoundWaveViewerUITests.xctest */;
			productType = "com.apple.product-type.bundle.ui-testing";
		};
/* End PBXNativeTarget section */

/* Begin PBXProject section */
		68CECE751FB1AC9E00C4942A /* Project object */ = {
			isa = PBXProject;
			attributes = {
				LastSwiftUpdateCheck = 0910;
				LastUpgradeCheck = 0910;
				ORGANIZATIONNAME = "Evan Seok";
				TargetAttributes = {
					68CECE7C1FB1AC9E00C4942A = {
						CreatedOnToolsVersion = 9.1;
						ProvisioningStyle = Automatic;
					};
					68CECE901FB1AC9E00C4942A = {
						CreatedOnToolsVersion = 9.1;
						ProvisioningStyle = Automatic;
						TestTargetID = 68CECE7C1FB1AC9E00C4942A;
					};
					68CECE9B1FB1AC9E00C4942A = {
						CreatedOnToolsVersion = 9.1;
						ProvisioningStyle = Automatic;
						TestTargetID = 68CECE7C1FB1AC9E00C4942A;
					};
				};
			};
			buildConfigurationList = 68CECE781FB1AC9E00C4942A /* Build configuration list for PBXProject "SoundWaveViewer" */;
			compatibilityVersion = "Xcode 8.0";
			developmentRegion = en;
			hasScannedForEncodings = 0;
			knownRegions = (
				en,
				Base,
			);
			mainGroup = 68CECE741FB1AC9E00C4942A;
			productRefGroup = 68CECE7E1FB1AC9E00C4942A /* Products */;
			projectDirPath = "";
			projectRoot = "";
			targets = (
				68CECE7C1FB1AC9E00C4942A /* SoundWaveViewer */,
				68CECE901FB1AC9E00C4942A /* SoundWaveViewerTests */,
				68CECE9B1FB1AC9E00C4942A /* SoundWaveViewerUITests */,
			);
		};
/* End PBXProject section */

/* Begin PBXResourcesBuildPhase section */
		68CECE7B1FB1AC9E00C4942A /* Resources */ = {
			isa = PBXResourcesBuildPhase;
			buildActionMask = 2147483647;
			files = (
				68CECE8B1FB1AC9E00C4942A /* LaunchScreen.storyboard in Resources */,
				68CECE881FB1AC9E00C4942A /* Assets.xcassets in Resources */,
				68CECE861FB1AC9E00C4942A /* Main.storyboard in Resources */,
				DA13B06D1FB3CAAA006C5207 /* video.MOV in Resources */,
				685FFB7B1FB8204300B3E395 /* 4_tracks_audio.mov in Resources */,
			);
			runOnlyForDeploymentPostprocessing = 0;
		};
		68CECE8F1FB1AC9E00C4942A /* Resources */ = {
			isa = PBXResourcesBuildPhase;
			buildActionMask = 2147483647;
			files = (
				DA13B06F1FB3CDC5006C5207 /* video_only.mov in Resources */,
				DA13B06A1FB3C864006C5207 /* 3.m4a in Resources */,
				DA13B06B1FB3C864006C5207 /* 4.m4a in Resources */,
				DA13B0691FB3C864006C5207 /* 2.m4a in Resources */,
				DA13B0681FB3C85F006C5207 /* 1.m4a in Resources */,
				6846010A1FB3286E004F8DF8 /* 4_tracks_audio.mov in Resources */,
			);
			runOnlyForDeploymentPostprocessing = 0;
		};
		68CECE9A1FB1AC9E00C4942A /* Resources */ = {
			isa = PBXResourcesBuildPhase;
			buildActionMask = 2147483647;
			files = (
			);
			runOnlyForDeploymentPostprocessing = 0;
		};
/* End PBXResourcesBuildPhase section */

/* Begin PBXSourcesBuildPhase section */
		68CECE791FB1AC9E00C4942A /* Sources */ = {
			isa = PBXSourcesBuildPhase;
			buildActionMask = 2147483647;
			files = (
				DA13B0711FB3D04B006C5207 /* SVTrack.swift in Sources */,
				6846011C1FB4676E004F8DF8 /* SVMainViewController.swift in Sources */,
				DAC74DEA1FB26ACD007CAD88 /* SVWaveFormViewController.swift in Sources */,
				68CECE811FB1AC9E00C4942A /* AppDelegate.swift in Sources */,
				6824FE431FB6B21000073271 /* SVFullWaveformItemCell.swift in Sources */,
				6824FE411FB6A42100073271 /* SVBriefWaveformCell.swift in Sources */,
				DAEF25A41FB9088F0001618D /* SVTrackLoader.swift in Sources */,
			);
			runOnlyForDeploymentPostprocessing = 0;
		};
		68CECE8D1FB1AC9E00C4942A /* Sources */ = {
			isa = PBXSourcesBuildPhase;
			buildActionMask = 2147483647;
			files = (
				DAC74DF11FB27B1A007CAD88 /* SVSoundLoaderTests.swift in Sources */,
				DAEF25A21FB908400001618D /* SVTrackTests.swift in Sources */,
			);
			runOnlyForDeploymentPostprocessing = 0;
		};
		68CECE981FB1AC9E00C4942A /* Sources */ = {
			isa = PBXSourcesBuildPhase;
			buildActionMask = 2147483647;
			files = (
				68CECEA11FB1AC9E00C4942A /* SoundWaveViewerUITests.swift in Sources */,
			);
			runOnlyForDeploymentPostprocessing = 0;
		};
/* End PBXSourcesBuildPhase section */

/* Begin PBXTargetDependency section */
		68CECE931FB1AC9E00C4942A /* PBXTargetDependency */ = {
			isa = PBXTargetDependency;
			target = 68CECE7C1FB1AC9E00C4942A /* SoundWaveViewer */;
			targetProxy = 68CECE921FB1AC9E00C4942A /* PBXContainerItemProxy */;
		};
		68CECE9E1FB1AC9E00C4942A /* PBXTargetDependency */ = {
			isa = PBXTargetDependency;
			target = 68CECE7C1FB1AC9E00C4942A /* SoundWaveViewer */;
			targetProxy = 68CECE9D1FB1AC9E00C4942A /* PBXContainerItemProxy */;
		};
/* End PBXTargetDependency section */

/* Begin PBXVariantGroup section */
		68CECE841FB1AC9E00C4942A /* Main.storyboard */ = {
			isa = PBXVariantGroup;
			children = (
				68CECE851FB1AC9E00C4942A /* Base */,
			);
			name = Main.storyboard;
			sourceTree = "<group>";
		};
		68CECE891FB1AC9E00C4942A /* LaunchScreen.storyboard */ = {
			isa = PBXVariantGroup;
			children = (
				68CECE8A1FB1AC9E00C4942A /* Base */,
			);
			name = LaunchScreen.storyboard;
			sourceTree = "<group>";
		};
/* End PBXVariantGroup section */

/* Begin XCBuildConfiguration section */
		68CECEA31FB1AC9E00C4942A /* Debug */ = {
			isa = XCBuildConfiguration;
			buildSettings = {
				ALWAYS_SEARCH_USER_PATHS = NO;
				CLANG_ANALYZER_NONNULL = YES;
				CLANG_ANALYZER_NUMBER_OBJECT_CONVERSION = YES_AGGRESSIVE;
				CLANG_CXX_LANGUAGE_STANDARD = "gnu++14";
				CLANG_CXX_LIBRARY = "libc++";
				CLANG_ENABLE_MODULES = YES;
				CLANG_ENABLE_OBJC_ARC = YES;
				CLANG_WARN_BLOCK_CAPTURE_AUTORELEASING = YES;
				CLANG_WARN_BOOL_CONVERSION = YES;
				CLANG_WARN_COMMA = YES;
				CLANG_WARN_CONSTANT_CONVERSION = YES;
				CLANG_WARN_DIRECT_OBJC_ISA_USAGE = YES_ERROR;
				CLANG_WARN_DOCUMENTATION_COMMENTS = YES;
				CLANG_WARN_EMPTY_BODY = YES;
				CLANG_WARN_ENUM_CONVERSION = YES;
				CLANG_WARN_INFINITE_RECURSION = YES;
				CLANG_WARN_INT_CONVERSION = YES;
				CLANG_WARN_NON_LITERAL_NULL_CONVERSION = YES;
				CLANG_WARN_OBJC_LITERAL_CONVERSION = YES;
				CLANG_WARN_OBJC_ROOT_CLASS = YES_ERROR;
				CLANG_WARN_RANGE_LOOP_ANALYSIS = YES;
				CLANG_WARN_STRICT_PROTOTYPES = YES;
				CLANG_WARN_SUSPICIOUS_MOVE = YES;
				CLANG_WARN_UNGUARDED_AVAILABILITY = YES_AGGRESSIVE;
				CLANG_WARN_UNREACHABLE_CODE = YES;
				CLANG_WARN__DUPLICATE_METHOD_MATCH = YES;
				CODE_SIGN_IDENTITY = "iPhone Developer";
				COPY_PHASE_STRIP = NO;
				DEBUG_INFORMATION_FORMAT = dwarf;
				ENABLE_STRICT_OBJC_MSGSEND = YES;
				ENABLE_TESTABILITY = YES;
				GCC_C_LANGUAGE_STANDARD = gnu11;
				GCC_DYNAMIC_NO_PIC = NO;
				GCC_NO_COMMON_BLOCKS = YES;
				GCC_OPTIMIZATION_LEVEL = 0;
				GCC_PREPROCESSOR_DEFINITIONS = (
					"DEBUG=1",
					"$(inherited)",
				);
				GCC_WARN_64_TO_32_BIT_CONVERSION = YES;
				GCC_WARN_ABOUT_RETURN_TYPE = YES_ERROR;
				GCC_WARN_UNDECLARED_SELECTOR = YES;
				GCC_WARN_UNINITIALIZED_AUTOS = YES_AGGRESSIVE;
				GCC_WARN_UNUSED_FUNCTION = YES;
				GCC_WARN_UNUSED_VARIABLE = YES;
				IPHONEOS_DEPLOYMENT_TARGET = 11.1;
				MTL_ENABLE_DEBUG_INFO = YES;
				ONLY_ACTIVE_ARCH = YES;
				SDKROOT = iphoneos;
				SWIFT_ACTIVE_COMPILATION_CONDITIONS = DEBUG;
				SWIFT_OPTIMIZATION_LEVEL = "-Onone";
			};
			name = Debug;
		};
		68CECEA41FB1AC9E00C4942A /* Release */ = {
			isa = XCBuildConfiguration;
			buildSettings = {
				ALWAYS_SEARCH_USER_PATHS = NO;
				CLANG_ANALYZER_NONNULL = YES;
				CLANG_ANALYZER_NUMBER_OBJECT_CONVERSION = YES_AGGRESSIVE;
				CLANG_CXX_LANGUAGE_STANDARD = "gnu++14";
				CLANG_CXX_LIBRARY = "libc++";
				CLANG_ENABLE_MODULES = YES;
				CLANG_ENABLE_OBJC_ARC = YES;
				CLANG_WARN_BLOCK_CAPTURE_AUTORELEASING = YES;
				CLANG_WARN_BOOL_CONVERSION = YES;
				CLANG_WARN_COMMA = YES;
				CLANG_WARN_CONSTANT_CONVERSION = YES;
				CLANG_WARN_DIRECT_OBJC_ISA_USAGE = YES_ERROR;
				CLANG_WARN_DOCUMENTATION_COMMENTS = YES;
				CLANG_WARN_EMPTY_BODY = YES;
				CLANG_WARN_ENUM_CONVERSION = YES;
				CLANG_WARN_INFINITE_RECURSION = YES;
				CLANG_WARN_INT_CONVERSION = YES;
				CLANG_WARN_NON_LITERAL_NULL_CONVERSION = YES;
				CLANG_WARN_OBJC_LITERAL_CONVERSION = YES;
				CLANG_WARN_OBJC_ROOT_CLASS = YES_ERROR;
				CLANG_WARN_RANGE_LOOP_ANALYSIS = YES;
				CLANG_WARN_STRICT_PROTOTYPES = YES;
				CLANG_WARN_SUSPICIOUS_MOVE = YES;
				CLANG_WARN_UNGUARDED_AVAILABILITY = YES_AGGRESSIVE;
				CLANG_WARN_UNREACHABLE_CODE = YES;
				CLANG_WARN__DUPLICATE_METHOD_MATCH = YES;
				CODE_SIGN_IDENTITY = "iPhone Developer";
				COPY_PHASE_STRIP = NO;
				DEBUG_INFORMATION_FORMAT = "dwarf-with-dsym";
				ENABLE_NS_ASSERTIONS = NO;
				ENABLE_STRICT_OBJC_MSGSEND = YES;
				GCC_C_LANGUAGE_STANDARD = gnu11;
				GCC_NO_COMMON_BLOCKS = YES;
				GCC_WARN_64_TO_32_BIT_CONVERSION = YES;
				GCC_WARN_ABOUT_RETURN_TYPE = YES_ERROR;
				GCC_WARN_UNDECLARED_SELECTOR = YES;
				GCC_WARN_UNINITIALIZED_AUTOS = YES_AGGRESSIVE;
				GCC_WARN_UNUSED_FUNCTION = YES;
				GCC_WARN_UNUSED_VARIABLE = YES;
				IPHONEOS_DEPLOYMENT_TARGET = 11.1;
				MTL_ENABLE_DEBUG_INFO = NO;
				SDKROOT = iphoneos;
				SWIFT_OPTIMIZATION_LEVEL = "-Owholemodule";
				VALIDATE_PRODUCT = YES;
			};
			name = Release;
		};
		68CECEA61FB1AC9E00C4942A /* Debug */ = {
			isa = XCBuildConfiguration;
			buildSettings = {
				ASSETCATALOG_COMPILER_APPICON_NAME = AppIcon;
				CODE_SIGN_STYLE = Automatic;
				DEVELOPMENT_TEAM = 6ZKF9BDJCT;
				INFOPLIST_FILE = SoundWaveViewer/Info.plist;
				LD_RUNPATH_SEARCH_PATHS = "$(inherited) @executable_path/Frameworks";
				PRODUCT_BUNDLE_IDENTIFIER = com.evanseok.SoundWaveViewer;
				PRODUCT_NAME = "$(TARGET_NAME)";
				SWIFT_VERSION = 4.0;
				TARGETED_DEVICE_FAMILY = "1,2";
			};
			name = Debug;
		};
		68CECEA71FB1AC9E00C4942A /* Release */ = {
			isa = XCBuildConfiguration;
			buildSettings = {
				ASSETCATALOG_COMPILER_APPICON_NAME = AppIcon;
				CODE_SIGN_STYLE = Automatic;
				DEVELOPMENT_TEAM = 6ZKF9BDJCT;
				INFOPLIST_FILE = SoundWaveViewer/Info.plist;
				LD_RUNPATH_SEARCH_PATHS = "$(inherited) @executable_path/Frameworks";
				PRODUCT_BUNDLE_IDENTIFIER = com.evanseok.SoundWaveViewer;
				PRODUCT_NAME = "$(TARGET_NAME)";
				SWIFT_VERSION = 4.0;
				TARGETED_DEVICE_FAMILY = "1,2";
			};
			name = Release;
		};
		68CECEA91FB1AC9E00C4942A /* Debug */ = {
			isa = XCBuildConfiguration;
			buildSettings = {
				ALWAYS_EMBED_SWIFT_STANDARD_LIBRARIES = YES;
				BUNDLE_LOADER = "$(TEST_HOST)";
				CODE_SIGN_STYLE = Automatic;
				DEVELOPMENT_TEAM = 6ZKF9BDJCT;
				INFOPLIST_FILE = SoundWaveViewerTests/Info.plist;
				LD_RUNPATH_SEARCH_PATHS = "$(inherited) @executable_path/Frameworks @loader_path/Frameworks";
				PRODUCT_BUNDLE_IDENTIFIER = com.evanseok.SoundWaveViewerTests;
				PRODUCT_NAME = "$(TARGET_NAME)";
				SWIFT_VERSION = 4.0;
				TARGETED_DEVICE_FAMILY = "1,2";
				TEST_HOST = "$(BUILT_PRODUCTS_DIR)/SoundWaveViewer.app/SoundWaveViewer";
			};
			name = Debug;
		};
		68CECEAA1FB1AC9E00C4942A /* Release */ = {
			isa = XCBuildConfiguration;
			buildSettings = {
				ALWAYS_EMBED_SWIFT_STANDARD_LIBRARIES = YES;
				BUNDLE_LOADER = "$(TEST_HOST)";
				CODE_SIGN_STYLE = Automatic;
				DEVELOPMENT_TEAM = 6ZKF9BDJCT;
				INFOPLIST_FILE = SoundWaveViewerTests/Info.plist;
				LD_RUNPATH_SEARCH_PATHS = "$(inherited) @executable_path/Frameworks @loader_path/Frameworks";
				PRODUCT_BUNDLE_IDENTIFIER = com.evanseok.SoundWaveViewerTests;
				PRODUCT_NAME = "$(TARGET_NAME)";
				SWIFT_VERSION = 4.0;
				TARGETED_DEVICE_FAMILY = "1,2";
				TEST_HOST = "$(BUILT_PRODUCTS_DIR)/SoundWaveViewer.app/SoundWaveViewer";
			};
			name = Release;
		};
		68CECEAC1FB1AC9E00C4942A /* Debug */ = {
			isa = XCBuildConfiguration;
			buildSettings = {
				ALWAYS_EMBED_SWIFT_STANDARD_LIBRARIES = YES;
				CODE_SIGN_STYLE = Automatic;
				DEVELOPMENT_TEAM = 6ZKF9BDJCT;
				INFOPLIST_FILE = SoundWaveViewerUITests/Info.plist;
				LD_RUNPATH_SEARCH_PATHS = "$(inherited) @executable_path/Frameworks @loader_path/Frameworks";
				PRODUCT_BUNDLE_IDENTIFIER = com.evanseok.SoundWaveViewerUITests;
				PRODUCT_NAME = "$(TARGET_NAME)";
				SWIFT_VERSION = 4.0;
				TARGETED_DEVICE_FAMILY = "1,2";
				TEST_TARGET_NAME = SoundWaveViewer;
			};
			name = Debug;
		};
		68CECEAD1FB1AC9E00C4942A /* Release */ = {
			isa = XCBuildConfiguration;
			buildSettings = {
				ALWAYS_EMBED_SWIFT_STANDARD_LIBRARIES = YES;
				CODE_SIGN_STYLE = Automatic;
				DEVELOPMENT_TEAM = 6ZKF9BDJCT;
				INFOPLIST_FILE = SoundWaveViewerUITests/Info.plist;
				LD_RUNPATH_SEARCH_PATHS = "$(inherited) @executable_path/Frameworks @loader_path/Frameworks";
				PRODUCT_BUNDLE_IDENTIFIER = com.evanseok.SoundWaveViewerUITests;
				PRODUCT_NAME = "$(TARGET_NAME)";
				SWIFT_VERSION = 4.0;
				TARGETED_DEVICE_FAMILY = "1,2";
				TEST_TARGET_NAME = SoundWaveViewer;
			};
			name = Release;
		};
/* End XCBuildConfiguration section */

/* Begin XCConfigurationList section */
		68CECE781FB1AC9E00C4942A /* Build configuration list for PBXProject "SoundWaveViewer" */ = {
			isa = XCConfigurationList;
			buildConfigurations = (
				68CECEA31FB1AC9E00C4942A /* Debug */,
				68CECEA41FB1AC9E00C4942A /* Release */,
			);
			defaultConfigurationIsVisible = 0;
			defaultConfigurationName = Release;
		};
		68CECEA51FB1AC9E00C4942A /* Build configuration list for PBXNativeTarget "SoundWaveViewer" */ = {
			isa = XCConfigurationList;
			buildConfigurations = (
				68CECEA61FB1AC9E00C4942A /* Debug */,
				68CECEA71FB1AC9E00C4942A /* Release */,
			);
			defaultConfigurationIsVisible = 0;
			defaultConfigurationName = Release;
		};
		68CECEA81FB1AC9E00C4942A /* Build configuration list for PBXNativeTarget "SoundWaveViewerTests" */ = {
			isa = XCConfigurationList;
			buildConfigurations = (
				68CECEA91FB1AC9E00C4942A /* Debug */,
				68CECEAA1FB1AC9E00C4942A /* Release */,
			);
			defaultConfigurationIsVisible = 0;
			defaultConfigurationName = Release;
		};
		68CECEAB1FB1AC9E00C4942A /* Build configuration list for PBXNativeTarget "SoundWaveViewerUITests" */ = {
			isa = XCConfigurationList;
			buildConfigurations = (
				68CECEAC1FB1AC9E00C4942A /* Debug */,
				68CECEAD1FB1AC9E00C4942A /* Release */,
			);
			defaultConfigurationIsVisible = 0;
			defaultConfigurationName = Release;
		};
/* End XCConfigurationList section */
	};
	rootObject = 68CECE751FB1AC9E00C4942A /* Project object */;
}
